# This file is automatically @generated by Cargo.
# It is not intended for manual editing.
version = 3

[[package]]
name = "anyhow"
version = "1.0.104"
source = "registry+https://github.com/rust-lang/crates.io-index"
checksum = "330a5ed07fa54e4702c9d6c4174f74427fc0ef6e214bbd677ae50a5099946470"

[[package]]
name = "csd-diff"
version = "0.0.0"
dependencies = [
 "csd-ir",
]

[[package]]
name = "csd-extract-rs"
version = "0.0.0"
dependencies = [
 "anyhow",
 "csd-ir",
]

[[package]]
name = "csd-harness"
version = "0.0.0"
dependencies = [
 "anyhow",
 "csd-diff",
 "csd-extract-rs",
 "csd-ir",
]

[[package]]
name = "csd-ir"
version = "0.0.0"
